
Microsoft Visual Studio Solution File, Format Version 12.00
# Visual Studio Version 17
VisualStudioVersion = 17.5.33516.290
MinimumVisualStudioVersion = 10.0.40219.1
Project("{FAE04EC0-301F-11D3-BF4B-00C04F79EFBC}") = "Dice", "Dice\Dice.csproj", "{90FB58F7-B85C-45F7-B6E8-3B434C29020E}"
EndProject
Global
	GlobalSection(SolutionConfigurationPlatforms) = preSolution
		Debug|Any CPU = Debug|Any CPU
		Release|Any CPU = Release|Any CPU
	EndGlobalSection
	GlobalSection(ProjectConfigurationPlatforms) = postSolution
		{90FB58F7-B85C-45F7-B6E8-3B434C29020E}.Debug|Any CPU.ActiveCfg = Debug|Any CPU
		{90FB58F7-B85C-45F7-B6E8-3B434C29020E}.Debug|Any CPU.Build.0 = Debug|Any CPU
		{90FB58F7-B85C-45F7-B6E8-3B434C29020E}.Release|Any CPU.ActiveCfg = Release|Any CPU
		{90FB58F7-B85C-45F7-B6E8-3B434C29020E}.Release|Any CPU.Build.0 = Release|Any CPU
	EndGlobalSection
	GlobalSection(SolutionProperties) = preSolution
		HideSolutionNode = FALSE
	EndGlobalSection
	GlobalSection(ExtensibilityGlobals) = postSolution
		SolutionGuid = {B34FC990-2FC0-429B-AE40-6148650C667B}
	EndGlobalSection
EndGlobal
